PODS:
  - IceCream (1.6.0):
    - RealmSwift
  - Pulley (2.5.0)
  - Realm (3.10.0):
    - Realm/Headers (= 3.10.0)
  - Realm/Headers (3.10.0)
  - RealmSwift (3.10.0):
    - Realm (= 3.10.0)
  - RxRealm (0.7.5):
    - RealmSwift (~> 3.0)
    - RxSwift (~> 4.0)
  - RxSwift (4.3.0)

DEPENDENCIES:
  - "IceCream (from `git@github.com:SirArkimedes/IceCream.git`)"
  - Pulley
  - RxRealm

SPEC REPOS:
  https://github.com/cocoapods/specs.git:
    - Pulley
    - Realm
    - RealmSwift
    - RxRealm
    - RxSwift

EXTERNAL SOURCES:
  IceCream:
    :git: "git@github.com:SirArkimedes/IceCream.git"

CHECKOUT OPTIONS:
  IceCream:
    :commit: 90d32252ab2b6a8f63c740ae7d39bba5a387fb33
    :git: "git@github.com:SirArkimedes/IceCream.git"

SPEC CHECKSUMS:
  IceCream: e1fc8ecfd19c7480018ead3c809d5f94f2291096
  Pulley: cd351f605ec2e7412c69d39313c49f99dd1f97c1
  Realm: 85ab9e4f779d66f6e9ffeb118dc25b7f130c96ac
  RealmSwift: 69121c8b86d0ae005fb779efdb10e606732e1c74
  RxRealm: a6c6c0a07cb61f34209969ca6657734edfdfff30
  RxSwift: a9717a34df3179fe63563f76e046ad345078dd3a

PODFILE CHECKSUM: a635eb9e78bccc4519b03d60b87d4eac56e915ca

COCOAPODS: 1.5.3
