// !$*UTF8*$!
{
	archiveVersion = 1;
	classes = {
	};
	objectVersion = 50;
	objects = {

/* Begin PBXBuildFile section */
		495CA3312151F17B0012C46B /* AppDelegate.swift in Sources */ = {isa = PBXBuildFile; fileRef = 495CA3302151F17B0012C46B /* AppDelegate.swift */; };
		495CA3362151F17B0012C46B /* Main.storyboard in Resources */ = {isa = PBXBuildFile; fileRef = 495CA3342151F17B0012C46B /* Main.storyboard */; };
		495CA3382151F17C0012C46B /* Assets.xcassets in Resources */ = {isa = PBXBuildFile; fileRef = 495CA3372151F17C0012C46B /* Assets.xcassets */; };
		495CA33B2151F17C0012C46B /* LaunchScreen.storyboard in Resources */ = {isa = PBXBuildFile; fileRef = 495CA3392151F17C0012C46B /* LaunchScreen.storyboard */; };
		495CA3442151F4550012C46B /* SubscriptionListViewController.xib in Resources */ = {isa = PBXBuildFile; fileRef = 495CA3432151F4550012C46B /* SubscriptionListViewController.xib */; };
		495CA3462151F46F0012C46B /* SubscriptionListViewController.swift in Sources */ = {isa = PBXBuildFile; fileRef = 495CA3452151F46F0012C46B /* SubscriptionListViewController.swift */; };
		495CA3482151F8CB0012C46B /* SubscriptionTableViewCell.xib in Resources */ = {isa = PBXBuildFile; fileRef = 495CA3472151F8CB0012C46B /* SubscriptionTableViewCell.xib */; };
		495CA34A2151F8EA0012C46B /* SubscriptionTableViewCell.swift in Sources */ = {isa = PBXBuildFile; fileRef = 495CA3492151F8EA0012C46B /* SubscriptionTableViewCell.swift */; };
		495CA34C2151FA1F0012C46B /* UIView+RoundedCorners.swift in Sources */ = {isa = PBXBuildFile; fileRef = 495CA34B2151FA1F0012C46B /* UIView+RoundedCorners.swift */; };
		495CA34E2151FC060012C46B /* AddSubListViewController.swift in Sources */ = {isa = PBXBuildFile; fileRef = 495CA34D2151FC060012C46B /* AddSubListViewController.swift */; };
		495CA3502151FC190012C46B /* AddSubListViewController.xib in Resources */ = {isa = PBXBuildFile; fileRef = 495CA34F2151FC190012C46B /* AddSubListViewController.xib */; };
		495CA352215201360012C46B /* UIViewController+SafeAreaSpacers.swift in Sources */ = {isa = PBXBuildFile; fileRef = 495CA351215201360012C46B /* UIViewController+SafeAreaSpacers.swift */; };
		495CA3582153333A0012C46B /* Subscription.swift in Sources */ = {isa = PBXBuildFile; fileRef = 495CA3572153333A0012C46B /* Subscription.swift */; };
		495CA35A215333530012C46B /* NewSubscriptionViewController.swift in Sources */ = {isa = PBXBuildFile; fileRef = 495CA359215333530012C46B /* NewSubscriptionViewController.swift */; };
		495CA35C215333690012C46B /* NewSubscriptionViewController.xib in Resources */ = {isa = PBXBuildFile; fileRef = 495CA35B215333690012C46B /* NewSubscriptionViewController.xib */; };
		495CA35E215336880012C46B /* SubscriptionManager.swift in Sources */ = {isa = PBXBuildFile; fileRef = 495CA35D215336880012C46B /* SubscriptionManager.swift */; };
		495CA362215354600012C46B /* CloudKit.framework in Frameworks */ = {isa = PBXBuildFile; fileRef = 495CA361215354600012C46B /* CloudKit.framework */; };
		495CA36621547AEA0012C46B /* UIColorExtensions.swift in Sources */ = {isa = PBXBuildFile; fileRef = 495CA36521547AEA0012C46B /* UIColorExtensions.swift */; };
		495CA3642153E3F00012C46B /* PulleyManager.swift in Sources */ = {isa = PBXBuildFile; fileRef = 495CA3632153E3F00012C46B /* PulleyManager.swift */; };
		ACB6D91E256B69E97C6A8C0C /* Pods_NES.framework in Frameworks */ = {isa = PBXBuildFile; fileRef = 28D6EBEAC7EB7C2FF32068B7 /* Pods_NES.framework */; };
/* End PBXBuildFile section */

/* Begin PBXFileReference section */
		1F3CEA0D48F9A91C80A1411C /* Pods-NES.release.xcconfig */ = {isa = PBXFileReference; includeInIndex = 1; lastKnownFileType = text.xcconfig; name = "Pods-NES.release.xcconfig"; path = "Pods/Target Support Files/Pods-NES/Pods-NES.release.xcconfig"; sourceTree = "<group>"; };
		28D6EBEAC7EB7C2FF32068B7 /* Pods_NES.framework */ = {isa = PBXFileReference; explicitFileType = wrapper.framework; includeInIndex = 0; path = Pods_NES.framework; sourceTree = BUILT_PRODUCTS_DIR; };
		3415BD0F01FDA2E4FEFD6552 /* Pods-NES.debug.xcconfig */ = {isa = PBXFileReference; includeInIndex = 1; lastKnownFileType = text.xcconfig; name = "Pods-NES.debug.xcconfig"; path = "Pods/Target Support Files/Pods-NES/Pods-NES.debug.xcconfig"; sourceTree = "<group>"; };
		495CA32D2151F17B0012C46B /* NES.app */ = {isa = PBXFileReference; explicitFileType = wrapper.application; includeInIndex = 0; path = NES.app; sourceTree = BUILT_PRODUCTS_DIR; };
		495CA3302151F17B0012C46B /* AppDelegate.swift */ = {isa = PBXFileReference; lastKnownFileType = sourcecode.swift; path = AppDelegate.swift; sourceTree = "<group>"; };
		495CA3352151F17B0012C46B /* Base */ = {isa = PBXFileReference; lastKnownFileType = file.storyboard; name = Base; path = Base.lproj/Main.storyboard; sourceTree = "<group>"; };
		495CA3372151F17C0012C46B /* Assets.xcassets */ = {isa = PBXFileReference; lastKnownFileType = folder.assetcatalog; path = Assets.xcassets; sourceTree = "<group>"; };
		495CA33A2151F17C0012C46B /* Base */ = {isa = PBXFileReference; lastKnownFileType = file.storyboard; name = Base; path = Base.lproj/LaunchScreen.storyboard; sourceTree = "<group>"; };
		495CA33C2151F17C0012C46B /* Info.plist */ = {isa = PBXFileReference; lastKnownFileType = text.plist.xml; path = Info.plist; sourceTree = "<group>"; };
		495CA3422151F1FB0012C46B /* NES.entitlements */ = {isa = PBXFileReference; lastKnownFileType = text.plist.entitlements; path = NES.entitlements; sourceTree = "<group>"; };
		495CA3432151F4550012C46B /* SubscriptionListViewController.xib */ = {isa = PBXFileReference; lastKnownFileType = file.xib; path = SubscriptionListViewController.xib; sourceTree = "<group>"; };
		495CA3452151F46F0012C46B /* SubscriptionListViewController.swift */ = {isa = PBXFileReference; lastKnownFileType = sourcecode.swift; path = SubscriptionListViewController.swift; sourceTree = "<group>"; };
		495CA3472151F8CB0012C46B /* SubscriptionTableViewCell.xib */ = {isa = PBXFileReference; lastKnownFileType = file.xib; path = SubscriptionTableViewCell.xib; sourceTree = "<group>"; };
		495CA3492151F8EA0012C46B /* SubscriptionTableViewCell.swift */ = {isa = PBXFileReference; lastKnownFileType = sourcecode.swift; path = SubscriptionTableViewCell.swift; sourceTree = "<group>"; };
		495CA34B2151FA1F0012C46B /* UIView+RoundedCorners.swift */ = {isa = PBXFileReference; fileEncoding = 4; lastKnownFileType = sourcecode.swift; path = "UIView+RoundedCorners.swift"; sourceTree = "<group>"; };
		495CA34D2151FC060012C46B /* AddSubListViewController.swift */ = {isa = PBXFileReference; lastKnownFileType = sourcecode.swift; path = AddSubListViewController.swift; sourceTree = "<group>"; };
		495CA34F2151FC190012C46B /* AddSubListViewController.xib */ = {isa = PBXFileReference; lastKnownFileType = file.xib; path = AddSubListViewController.xib; sourceTree = "<group>"; };
		495CA351215201360012C46B /* UIViewController+SafeAreaSpacers.swift */ = {isa = PBXFileReference; lastKnownFileType = sourcecode.swift; path = "UIViewController+SafeAreaSpacers.swift"; sourceTree = "<group>"; };
		495CA3572153333A0012C46B /* Subscription.swift */ = {isa = PBXFileReference; lastKnownFileType = sourcecode.swift; path = Subscription.swift; sourceTree = "<group>"; };
		495CA359215333530012C46B /* NewSubscriptionViewController.swift */ = {isa = PBXFileReference; lastKnownFileType = sourcecode.swift; path = NewSubscriptionViewController.swift; sourceTree = "<group>"; };
		495CA35B215333690012C46B /* NewSubscriptionViewController.xib */ = {isa = PBXFileReference; lastKnownFileType = file.xib; path = NewSubscriptionViewController.xib; sourceTree = "<group>"; };
		495CA35D215336880012C46B /* SubscriptionManager.swift */ = {isa = PBXFileReference; lastKnownFileType = sourcecode.swift; path = SubscriptionManager.swift; sourceTree = "<group>"; };
		495CA361215354600012C46B /* CloudKit.framework */ = {isa = PBXFileReference; lastKnownFileType = wrapper.framework; name = CloudKit.framework; path = System/Library/Frameworks/CloudKit.framework; sourceTree = SDKROOT; };
		495CA36521547AEA0012C46B /* UIColorExtensions.swift */ = {isa = PBXFileReference; lastKnownFileType = sourcecode.swift; path = UIColorExtensions.swift; sourceTree = "<group>"; };
		495CA3632153E3F00012C46B /* PulleyManager.swift */ = {isa = PBXFileReference; lastKnownFileType = sourcecode.swift; path = PulleyManager.swift; sourceTree = "<group>"; };
/* End PBXFileReference section */

/* Begin PBXFrameworksBuildPhase section */
		495CA32A2151F17B0012C46B /* Frameworks */ = {
			isa = PBXFrameworksBuildPhase;
			buildActionMask = 2147483647;
			files = (
				ACB6D91E256B69E97C6A8C0C /* Pods_NES.framework in Frameworks */,
				495CA362215354600012C46B /* CloudKit.framework in Frameworks */,
			);
			runOnlyForDeploymentPostprocessing = 0;
		};
/* End PBXFrameworksBuildPhase section */

/* Begin PBXGroup section */
		495CA3242151F17B0012C46B = {
			isa = PBXGroup;
			children = (
				495CA32F2151F17B0012C46B /* NES */,
				779E4464F9AC4C33E73518D4 /* Pods */,
				8F6480B6646245663896DB2F /* Frameworks */,
			);
			sourceTree = "<group>";
		};
		495CA32E2151F17B0012C46B /* Products */ = {
			isa = PBXGroup;
			children = (
				495CA32D2151F17B0012C46B /* NES.app */,
			);
			name = Products;
			path = ..;
			sourceTree = "<group>";
		};
		495CA32F2151F17B0012C46B /* NES */ = {
			isa = PBXGroup;
			children = (
				495CA3422151F1FB0012C46B /* NES.entitlements */,
				495CA3302151F17B0012C46B /* AppDelegate.swift */,
				495CA353215201A00012C46B /* Extensions */,
				495CA356215333240012C46B /* Models */,
				495CA354215201AC0012C46B /* SubscriptionList */,
				495CA355215201C10012C46B /* AddSubscription */,
				495CA3342151F17B0012C46B /* Main.storyboard */,
				495CA3372151F17C0012C46B /* Assets.xcassets */,
				495CA3392151F17C0012C46B /* LaunchScreen.storyboard */,
				495CA33C2151F17C0012C46B /* Info.plist */,
				495CA32E2151F17B0012C46B /* Products */,
			);
			path = NES;
			sourceTree = "<group>";
		};
		495CA353215201A00012C46B /* Extensions */ = {
			isa = PBXGroup;
			children = (
				495CA34B2151FA1F0012C46B /* UIView+RoundedCorners.swift */,
				495CA351215201360012C46B /* UIViewController+SafeAreaSpacers.swift */,
				495CA36521547AEA0012C46B /* UIColorExtensions.swift */,
			);
			path = Extensions;
			sourceTree = "<group>";
		};
		495CA354215201AC0012C46B /* SubscriptionList */ = {
			isa = PBXGroup;
			children = (
				495CA3432151F4550012C46B /* SubscriptionListViewController.xib */,
				495CA3452151F46F0012C46B /* SubscriptionListViewController.swift */,
				495CA3472151F8CB0012C46B /* SubscriptionTableViewCell.xib */,
				495CA3492151F8EA0012C46B /* SubscriptionTableViewCell.swift */,
			);
			path = SubscriptionList;
			sourceTree = "<group>";
		};
		495CA355215201C10012C46B /* AddSubscription */ = {
			isa = PBXGroup;
			children = (
				495CA34F2151FC190012C46B /* AddSubListViewController.xib */,
				495CA34D2151FC060012C46B /* AddSubListViewController.swift */,
				495CA35B215333690012C46B /* NewSubscriptionViewController.xib */,
				495CA359215333530012C46B /* NewSubscriptionViewController.swift */,
			);
			path = AddSubscription;
			sourceTree = "<group>";
		};
		495CA356215333240012C46B /* Models */ = {
			isa = PBXGroup;
			children = (
				495CA3632153E3F00012C46B /* PulleyManager.swift */,
				495CA35D215336880012C46B /* SubscriptionManager.swift */,
				495CA3572153333A0012C46B /* Subscription.swift */,
			);
			path = Models;
			sourceTree = "<group>";
		};
		779E4464F9AC4C33E73518D4 /* Pods */ = {
			isa = PBXGroup;
			children = (
				3415BD0F01FDA2E4FEFD6552 /* Pods-NES.debug.xcconfig */,
				1F3CEA0D48F9A91C80A1411C /* Pods-NES.release.xcconfig */,
			);
			name = Pods;
			sourceTree = "<group>";
		};
		8F6480B6646245663896DB2F /* Frameworks */ = {
			isa = PBXGroup;
			children = (
				495CA361215354600012C46B /* CloudKit.framework */,
				28D6EBEAC7EB7C2FF32068B7 /* Pods_NES.framework */,
			);
			name = Frameworks;
			sourceTree = "<group>";
		};
/* End PBXGroup section */

/* Begin PBXNativeTarget section */
		495CA32C2151F17B0012C46B /* NES */ = {
			isa = PBXNativeTarget;
			buildConfigurationList = 495CA33F2151F17C0012C46B /* Build configuration list for PBXNativeTarget "NES" */;
			buildPhases = (
				BC0C64CAF1C076B98E611016 /* [CP] Check Pods Manifest.lock */,
				495CA3292151F17B0012C46B /* Sources */,
				495CA32A2151F17B0012C46B /* Frameworks */,
				495CA32B2151F17B0012C46B /* Resources */,
				37336A5E667AF8426C69F71E /* [CP] Embed Pods Frameworks */,
			);
			buildRules = (
			);
			dependencies = (
			);
			name = NES;
			productName = NES;
			productReference = 495CA32D2151F17B0012C46B /* NES.app */;
			productType = "com.apple.product-type.application";
		};
/* End PBXNativeTarget section */

/* Begin PBXProject section */
		495CA3252151F17B0012C46B /* Project object */ = {
			isa = PBXProject;
			attributes = {
				LastSwiftUpdateCheck = 1000;
				LastUpgradeCheck = 1000;
				ORGANIZATIONNAME = "XYello, Inc.";
				TargetAttributes = {
					495CA32C2151F17B0012C46B = {
						CreatedOnToolsVersion = 10.0;
						SystemCapabilities = {
							com.apple.BackgroundModes = {
								enabled = 1;
							};
							com.apple.Push = {
								enabled = 1;
							};
							com.apple.iCloud = {
								enabled = 1;
							};
						};
					};
				};
			};
			buildConfigurationList = 495CA3282151F17B0012C46B /* Build configuration list for PBXProject "NES" */;
			compatibilityVersion = "Xcode 9.3";
			developmentRegion = en;
			hasScannedForEncodings = 0;
			knownRegions = (
				en,
				Base,
			);
			mainGroup = 495CA3242151F17B0012C46B;
			productRefGroup = 495CA32E2151F17B0012C46B /* Products */;
			projectDirPath = "";
			projectRoot = "";
			targets = (
				495CA32C2151F17B0012C46B /* NES */,
			);
		};
/* End PBXProject section */

/* Begin PBXResourcesBuildPhase section */
		495CA32B2151F17B0012C46B /* Resources */ = {
			isa = PBXResourcesBuildPhase;
			buildActionMask = 2147483647;
			files = (
				495CA3482151F8CB0012C46B /* SubscriptionTableViewCell.xib in Resources */,
				495CA35C215333690012C46B /* NewSubscriptionViewController.xib in Resources */,
				495CA33B2151F17C0012C46B /* LaunchScreen.storyboard in Resources */,
				495CA3382151F17C0012C46B /* Assets.xcassets in Resources */,
				495CA3362151F17B0012C46B /* Main.storyboard in Resources */,
				495CA3442151F4550012C46B /* SubscriptionListViewController.xib in Resources */,
				495CA3502151FC190012C46B /* AddSubListViewController.xib in Resources */,
			);
			runOnlyForDeploymentPostprocessing = 0;
		};
/* End PBXResourcesBuildPhase section */

/* Begin PBXShellScriptBuildPhase section */
		37336A5E667AF8426C69F71E /* [CP] Embed Pods Frameworks */ = {
			isa = PBXShellScriptBuildPhase;
			buildActionMask = 2147483647;
			files = (
			);
			inputPaths = (
				"${SRCROOT}/Pods/Target Support Files/Pods-NES/Pods-NES-frameworks.sh",
				"${BUILT_PRODUCTS_DIR}/Pulley/Pulley.framework",
				"${BUILT_PRODUCTS_DIR}/Realm/Realm.framework",
				"${BUILT_PRODUCTS_DIR}/RealmSwift/RealmSwift.framework",
				"${BUILT_PRODUCTS_DIR}/RxRealm/RxRealm.framework",
				"${BUILT_PRODUCTS_DIR}/RxSwift/RxSwift.framework",
			);
			name = "[CP] Embed Pods Frameworks";
			outputPaths = (
				"${TARGET_BUILD_DIR}/${FRAMEWORKS_FOLDER_PATH}/Pulley.framework",
				"${TARGET_BUILD_DIR}/${FRAMEWORKS_FOLDER_PATH}/Realm.framework",
				"${TARGET_BUILD_DIR}/${FRAMEWORKS_FOLDER_PATH}/RealmSwift.framework",
				"${TARGET_BUILD_DIR}/${FRAMEWORKS_FOLDER_PATH}/RxRealm.framework",
				"${TARGET_BUILD_DIR}/${FRAMEWORKS_FOLDER_PATH}/RxSwift.framework",
			);
			runOnlyForDeploymentPostprocessing = 0;
			shellPath = /bin/sh;
			shellScript = "\"${SRCROOT}/Pods/Target Support Files/Pods-NES/Pods-NES-frameworks.sh\"\n";
			showEnvVarsInLog = 0;
		};
		BC0C64CAF1C076B98E611016 /* [CP] Check Pods Manifest.lock */ = {
			isa = PBXShellScriptBuildPhase;
			buildActionMask = 2147483647;
			files = (
			);
			inputPaths = (
				"${PODS_PODFILE_DIR_PATH}/Podfile.lock",
				"${PODS_ROOT}/Manifest.lock",
			);
			name = "[CP] Check Pods Manifest.lock";
			outputPaths = (
				"$(DERIVED_FILE_DIR)/Pods-NES-checkManifestLockResult.txt",
			);
			runOnlyForDeploymentPostprocessing = 0;
			shellPath = /bin/sh;
			shellScript = "diff \"${PODS_PODFILE_DIR_PATH}/Podfile.lock\" \"${PODS_ROOT}/Manifest.lock\" > /dev/null\nif [ $? != 0 ] ; then\n    # print error to STDERR\n    echo \"error: The sandbox is not in sync with the Podfile.lock. Run 'pod install' or update your CocoaPods installation.\" >&2\n    exit 1\nfi\n# This output is used by Xcode 'outputs' to avoid re-running this script phase.\necho \"SUCCESS\" > \"${SCRIPT_OUTPUT_FILE_0}\"\n";
			showEnvVarsInLog = 0;
		};
/* End PBXShellScriptBuildPhase section */

/* Begin PBXSourcesBuildPhase section */
		495CA3292151F17B0012C46B /* Sources */ = {
			isa = PBXSourcesBuildPhase;
			buildActionMask = 2147483647;
			files = (
				495CA352215201360012C46B /* UIViewController+SafeAreaSpacers.swift in Sources */,
				495CA34A2151F8EA0012C46B /* SubscriptionTableViewCell.swift in Sources */,
				495CA3642153E3F00012C46B /* PulleyManager.swift in Sources */,
				495CA34E2151FC060012C46B /* AddSubListViewController.swift in Sources */,
				495CA3312151F17B0012C46B /* AppDelegate.swift in Sources */,
				495CA36621547AEA0012C46B /* UIColorExtensions.swift in Sources */,
				495CA35A215333530012C46B /* NewSubscriptionViewController.swift in Sources */,
				495CA35E215336880012C46B /* SubscriptionManager.swift in Sources */,
				495CA3582153333A0012C46B /* Subscription.swift in Sources */,
				495CA3462151F46F0012C46B /* SubscriptionListViewController.swift in Sources */,
				495CA34C2151FA1F0012C46B /* UIView+RoundedCorners.swift in Sources */,
			);
			runOnlyForDeploymentPostprocessing = 0;
		};
/* End PBXSourcesBuildPhase section */

/* Begin PBXVariantGroup section */
		495CA3342151F17B0012C46B /* Main.storyboard */ = {
			isa = PBXVariantGroup;
			children = (
				495CA3352151F17B0012C46B /* Base */,
			);
			name = Main.storyboard;
			sourceTree = "<group>";
		};
		495CA3392151F17C0012C46B /* LaunchScreen.storyboard */ = {
			isa = PBXVariantGroup;
			children = (
				495CA33A2151F17C0012C46B /* Base */,
			);
			name = LaunchScreen.storyboard;
			sourceTree = "<group>";
		};
/* End PBXVariantGroup section */

/* Begin XCBuildConfiguration section */
		495CA33D2151F17C0012C46B /* Debug */ = {
			isa = XCBuildConfiguration;
			buildSettings = {
				ALWAYS_SEARCH_USER_PATHS = NO;
				CLANG_ANALYZER_NONNULL = YES;
				CLANG_ANALYZER_NUMBER_OBJECT_CONVERSION = YES_AGGRESSIVE;
				CLANG_CXX_LANGUAGE_STANDARD = "gnu++14";
				CLANG_CXX_LIBRARY = "libc++";
				CLANG_ENABLE_MODULES = YES;
				CLANG_ENABLE_OBJC_ARC = YES;
				CLANG_ENABLE_OBJC_WEAK = YES;
				CLANG_WARN_BLOCK_CAPTURE_AUTORELEASING = YES;
				CLANG_WARN_BOOL_CONVERSION = YES;
				CLANG_WARN_COMMA = YES;
				CLANG_WARN_CONSTANT_CONVERSION = YES;
				CLANG_WARN_DEPRECATED_OBJC_IMPLEMENTATIONS = YES;
				CLANG_WARN_DIRECT_OBJC_ISA_USAGE = YES_ERROR;
				CLANG_WARN_DOCUMENTATION_COMMENTS = YES;
				CLANG_WARN_EMPTY_BODY = YES;
				CLANG_WARN_ENUM_CONVERSION = YES;
				CLANG_WARN_INFINITE_RECURSION = YES;
				CLANG_WARN_INT_CONVERSION = YES;
				CLANG_WARN_NON_LITERAL_NULL_CONVERSION = YES;
				CLANG_WARN_OBJC_IMPLICIT_RETAIN_SELF = YES;
				CLANG_WARN_OBJC_LITERAL_CONVERSION = YES;
				CLANG_WARN_OBJC_ROOT_CLASS = YES_ERROR;
				CLANG_WARN_RANGE_LOOP_ANALYSIS = YES;
				CLANG_WARN_STRICT_PROTOTYPES = YES;
				CLANG_WARN_SUSPICIOUS_MOVE = YES;
				CLANG_WARN_UNGUARDED_AVAILABILITY = YES_AGGRESSIVE;
				CLANG_WARN_UNREACHABLE_CODE = YES;
				CLANG_WARN__DUPLICATE_METHOD_MATCH = YES;
				CODE_SIGN_IDENTITY = "iPhone Developer";
				COPY_PHASE_STRIP = NO;
				DEBUG_INFORMATION_FORMAT = dwarf;
				ENABLE_STRICT_OBJC_MSGSEND = YES;
				ENABLE_TESTABILITY = YES;
				GCC_C_LANGUAGE_STANDARD = gnu11;
				GCC_DYNAMIC_NO_PIC = NO;
				GCC_NO_COMMON_BLOCKS = YES;
				GCC_OPTIMIZATION_LEVEL = 0;
				GCC_PREPROCESSOR_DEFINITIONS = (
					"DEBUG=1",
					"$(inherited)",
				);
				GCC_WARN_64_TO_32_BIT_CONVERSION = YES;
				GCC_WARN_ABOUT_RETURN_TYPE = YES_ERROR;
				GCC_WARN_UNDECLARED_SELECTOR = YES;
				GCC_WARN_UNINITIALIZED_AUTOS = YES_AGGRESSIVE;
				GCC_WARN_UNUSED_FUNCTION = YES;
				GCC_WARN_UNUSED_VARIABLE = YES;
				IPHONEOS_DEPLOYMENT_TARGET = 12.0;
				MTL_ENABLE_DEBUG_INFO = INCLUDE_SOURCE;
				MTL_FAST_MATH = YES;
				ONLY_ACTIVE_ARCH = YES;
				SDKROOT = iphoneos;
				SWIFT_ACTIVE_COMPILATION_CONDITIONS = DEBUG;
				SWIFT_OPTIMIZATION_LEVEL = "-Onone";
			};
			name = Debug;
		};
		495CA33E2151F17C0012C46B /* Release */ = {
			isa = XCBuildConfiguration;
			buildSettings = {
				ALWAYS_SEARCH_USER_PATHS = NO;
				CLANG_ANALYZER_NONNULL = YES;
				CLANG_ANALYZER_NUMBER_OBJECT_CONVERSION = YES_AGGRESSIVE;
				CLANG_CXX_LANGUAGE_STANDARD = "gnu++14";
				CLANG_CXX_LIBRARY = "libc++";
				CLANG_ENABLE_MODULES = YES;
				CLANG_ENABLE_OBJC_ARC = YES;
				CLANG_ENABLE_OBJC_WEAK = YES;
				CLANG_WARN_BLOCK_CAPTURE_AUTORELEASING = YES;
				CLANG_WARN_BOOL_CONVERSION = YES;
				CLANG_WARN_COMMA = YES;
				CLANG_WARN_CONSTANT_CONVERSION = YES;
				CLANG_WARN_DEPRECATED_OBJC_IMPLEMENTATIONS = YES;
				CLANG_WARN_DIRECT_OBJC_ISA_USAGE = YES_ERROR;
				CLANG_WARN_DOCUMENTATION_COMMENTS = YES;
				CLANG_WARN_EMPTY_BODY = YES;
				CLANG_WARN_ENUM_CONVERSION = YES;
				CLANG_WARN_INFINITE_RECURSION = YES;
				CLANG_WARN_INT_CONVERSION = YES;
				CLANG_WARN_NON_LITERAL_NULL_CONVERSION = YES;
				CLANG_WARN_OBJC_IMPLICIT_RETAIN_SELF = YES;
				CLANG_WARN_OBJC_LITERAL_CONVERSION = YES;
				CLANG_WARN_OBJC_ROOT_CLASS = YES_ERROR;
				CLANG_WARN_RANGE_LOOP_ANALYSIS = YES;
				CLANG_WARN_STRICT_PROTOTYPES = YES;
				CLANG_WARN_SUSPICIOUS_MOVE = YES;
				CLANG_WARN_UNGUARDED_AVAILABILITY = YES_AGGRESSIVE;
				CLANG_WARN_UNREACHABLE_CODE = YES;
				CLANG_WARN__DUPLICATE_METHOD_MATCH = YES;
				CODE_SIGN_IDENTITY = "iPhone Developer";
				COPY_PHASE_STRIP = NO;
				DEBUG_INFORMATION_FORMAT = "dwarf-with-dsym";
				ENABLE_NS_ASSERTIONS = NO;
				ENABLE_STRICT_OBJC_MSGSEND = YES;
				GCC_C_LANGUAGE_STANDARD = gnu11;
				GCC_NO_COMMON_BLOCKS = YES;
				GCC_WARN_64_TO_32_BIT_CONVERSION = YES;
				GCC_WARN_ABOUT_RETURN_TYPE = YES_ERROR;
				GCC_WARN_UNDECLARED_SELECTOR = YES;
				GCC_WARN_UNINITIALIZED_AUTOS = YES_AGGRESSIVE;
				GCC_WARN_UNUSED_FUNCTION = YES;
				GCC_WARN_UNUSED_VARIABLE = YES;
				IPHONEOS_DEPLOYMENT_TARGET = 12.0;
				MTL_ENABLE_DEBUG_INFO = NO;
				MTL_FAST_MATH = YES;
				SDKROOT = iphoneos;
				SWIFT_COMPILATION_MODE = wholemodule;
				SWIFT_OPTIMIZATION_LEVEL = "-O";
				VALIDATE_PRODUCT = YES;
			};
			name = Release;
		};
		495CA3402151F17C0012C46B /* Debug */ = {
			isa = XCBuildConfiguration;
			baseConfigurationReference = 3415BD0F01FDA2E4FEFD6552 /* Pods-NES.debug.xcconfig */;
			buildSettings = {
				ASSETCATALOG_COMPILER_APPICON_NAME = AppIcon;
				CODE_SIGN_ENTITLEMENTS = NES/NES.entitlements;
				CODE_SIGN_STYLE = Automatic;
				DEVELOPMENT_TEAM = 665Y3S9688;
				INFOPLIST_FILE = NES/Info.plist;
				IPHONEOS_DEPLOYMENT_TARGET = 11.0;
				LD_RUNPATH_SEARCH_PATHS = (
					"$(inherited)",
					"@executable_path/Frameworks",
				);
				PRODUCT_BUNDLE_IDENTIFIER = com.xyello.subscriptions;
				PRODUCT_NAME = "$(TARGET_NAME)";
				SWIFT_VERSION = 4.2;
				TARGETED_DEVICE_FAMILY = "1,2";
			};
			name = Debug;
		};
		495CA3412151F17C0012C46B /* Release */ = {
			isa = XCBuildConfiguration;
			baseConfigurationReference = 1F3CEA0D48F9A91C80A1411C /* Pods-NES.release.xcconfig */;
			buildSettings = {
				ASSETCATALOG_COMPILER_APPICON_NAME = AppIcon;
				CODE_SIGN_ENTITLEMENTS = NES/NES.entitlements;
				CODE_SIGN_STYLE = Automatic;
				DEVELOPMENT_TEAM = 665Y3S9688;
				INFOPLIST_FILE = NES/Info.plist;
				IPHONEOS_DEPLOYMENT_TARGET = 11.0;
				LD_RUNPATH_SEARCH_PATHS = (
					"$(inherited)",
					"@executable_path/Frameworks",
				);
				PRODUCT_BUNDLE_IDENTIFIER = com.xyello.subscriptions;
				PRODUCT_NAME = "$(TARGET_NAME)";
				SWIFT_VERSION = 4.2;
				TARGETED_DEVICE_FAMILY = "1,2";
			};
			name = Release;
		};
/* End XCBuildConfiguration section */

/* Begin XCConfigurationList section */
		495CA3282151F17B0012C46B /* Build configuration list for PBXProject "NES" */ = {
			isa = XCConfigurationList;
			buildConfigurations = (
				495CA33D2151F17C0012C46B /* Debug */,
				495CA33E2151F17C0012C46B /* Release */,
			);
			defaultConfigurationIsVisible = 0;
			defaultConfigurationName = Release;
		};
		495CA33F2151F17C0012C46B /* Build configuration list for PBXNativeTarget "NES" */ = {
			isa = XCConfigurationList;
			buildConfigurations = (
				495CA3402151F17C0012C46B /* Debug */,
				495CA3412151F17C0012C46B /* Release */,
			);
			defaultConfigurationIsVisible = 0;
			defaultConfigurationName = Release;
		};
/* End XCConfigurationList section */
	};
	rootObject = 495CA3252151F17B0012C46B /* Project object */;
}
